
Microsoft Visual Studio Solution File, Format Version 12.00
# Visual Studio Version 17
VisualStudioVersion = 17.1.32319.34
MinimumVisualStudioVersion = 10.0.40219.1
Project("{9A19103F-16F7-4668-BE54-9A1E7A4F7556}") = "Mag", "Mag.csproj", "{EC47E2B4-3F3B-4C65-97BF-36C57F50D284}"
EndProject
Project("{9A19103F-16F7-4668-BE54-9A1E7A4F7556}") = "MagTests", "..\MagTests\MagTests.csproj", "{92962FE6-BB7F-4CF9-9610-ABA1F01D85F2}"
EndProject
Project("{00D1A9C2-B5F0-4AF3-8072-F6C62B433612}") = "CLR", "..\CLR\CLR.sqlproj", "{BAFF8407-8D9D-4D9D-A802-687AB373954D}"
EndProject
Global
	GlobalSection(SolutionConfigurationPlatforms) = preSolution
		Debug|Any CPU = Debug|Any CPU
		Release|Any CPU = Release|Any CPU
	EndGlobalSection
	GlobalSection(ProjectConfigurationPlatforms) = postSolution
		{EC47E2B4-3F3B-4C65-97BF-36C57F50D284}.Debug|Any CPU.ActiveCfg = Debug|Any CPU
		{EC47E2B4-3F3B-4C65-97BF-36C57F50D284}.Debug|Any CPU.Build.0 = Debug|Any CPU
		{EC47E2B4-3F3B-4C65-97BF-36C57F50D284}.Release|Any CPU.ActiveCfg = Release|Any CPU
		{EC47E2B4-3F3B-4C65-97BF-36C57F50D284}.Release|Any CPU.Build.0 = Release|Any CPU
		{92962FE6-BB7F-4CF9-9610-ABA1F01D85F2}.Debug|Any CPU.ActiveCfg = Debug|Any CPU
		{92962FE6-BB7F-4CF9-9610-ABA1F01D85F2}.Debug|Any CPU.Build.0 = Debug|Any CPU
		{92962FE6-BB7F-4CF9-9610-ABA1F01D85F2}.Release|Any CPU.ActiveCfg = Release|Any CPU
		{92962FE6-BB7F-4CF9-9610-ABA1F01D85F2}.Release|Any CPU.Build.0 = Release|Any CPU
		{BAFF8407-8D9D-4D9D-A802-687AB373954D}.Debug|Any CPU.ActiveCfg = Debug|Any CPU
		{BAFF8407-8D9D-4D9D-A802-687AB373954D}.Debug|Any CPU.Build.0 = Debug|Any CPU
		{BAFF8407-8D9D-4D9D-A802-687AB373954D}.Debug|Any CPU.Deploy.0 = Debug|Any CPU
		{BAFF8407-8D9D-4D9D-A802-687AB373954D}.Release|Any CPU.ActiveCfg = Release|Any CPU
		{BAFF8407-8D9D-4D9D-A802-687AB373954D}.Release|Any CPU.Build.0 = Release|Any CPU
		{BAFF8407-8D9D-4D9D-A802-687AB373954D}.Release|Any CPU.Deploy.0 = Release|Any CPU
	EndGlobalSection
	GlobalSection(SolutionProperties) = preSolution
		HideSolutionNode = FALSE
	EndGlobalSection
	GlobalSection(ExtensibilityGlobals) = postSolution
		SolutionGuid = {63C8A6D3-C928-4503-843A-491309F06018}
	EndGlobalSection
EndGlobal
